
Microsoft Visual Studio Solution File, Format Version 12.00
# Visual Studio Version 17
VisualStudioVersion = 17.4.33205.214
MinimumVisualStudioVersion = 10.0.40219.1
Project("{9A19103F-16F7-4668-BE54-9A1E7A4F7556}") = "StringFormatter", "StringFormatter\StringFormatter.csproj", "{33EE1E1B-9B6A-45B0-B684-390FF87611FA}"
EndProject
Global
	GlobalSection(SolutionConfigurationPlatforms) = preSolution
		Debug|Any CPU = Debug|Any CPU
		Release|Any CPU = Release|Any CPU
	EndGlobalSection
	GlobalSection(ProjectConfigurationPlatforms) = postSolution
		{33EE1E1B-9B6A-45B0-B684-390FF87611FA}.Debug|Any CPU.ActiveCfg = Debug|Any CPU
		{33EE1E1B-9B6A-45B0-B684-390FF87611FA}.Debug|Any CPU.Build.0 = Debug|Any CPU
		{33EE1E1B-9B6A-45B0-B684-390FF87611FA}.Release|Any CPU.ActiveCfg = Release|Any CPU
		{33EE1E1B-9B6A-45B0-B684-390FF87611FA}.Release|Any CPU.Build.0 = Release|Any CPU
	EndGlobalSection
	GlobalSection(SolutionProperties) = preSolution
		HideSolutionNode = FALSE
	EndGlobalSection
	GlobalSection(ExtensibilityGlobals) = postSolution
		SolutionGuid = {9C6E8586-4727-44B8-8B6F-106D182D6D15}
	EndGlobalSection
EndGlobal
